// !$*UTF8*$!
{
	archiveVersion = 1;
	classes = {
	};
	objectVersion = 56;
	objects = {

/* Begin PBXBuildFile section */
		F10100000000000000000001 /* VolFerryApp.swift in Sources */ = {isa = PBXBuildFile; fileRef = F10200000000000000000001 /* VolFerryApp.swift */; };
		F10100000000000000000002 /* AppDelegate.swift in Sources */ = {isa = PBXBuildFile; fileRef = F10200000000000000000002 /* AppDelegate.swift */; };
		F10100000000000000000018 /* AppBrand.swift in Sources */ = {isa = PBXBuildFile; fileRef = F10200000000000000000018 /* AppBrand.swift */; };
		F10100000000000000000003 /* DiskInfo.swift in Sources */ = {isa = PBXBuildFile; fileRef = F10200000000000000000003 /* DiskInfo.swift */; };
		F1010000000000000000001B /* DiskUtilityPresentation.swift in Sources */ = {isa = PBXBuildFile; fileRef = F1020000000000000000001B /* DiskUtilityPresentation.swift */; };
		F10100000000000000000004 /* DriveInfo.swift in Sources */ = {isa = PBXBuildFile; fileRef = F10200000000000000000004 /* DriveInfo.swift */; };
		F10100000000000000000005 /* AuthManager.swift in Sources */ = {isa = PBXBuildFile; fileRef = F10200000000000000000005 /* AuthManager.swift */; };
		F10100000000000000000006 /* DriveDetector.swift in Sources */ = {isa = PBXBuildFile; fileRef = F10200000000000000000006 /* DriveDetector.swift */; };
		F1010000000000000000001C /* AutoMountManager.swift in Sources */ = {isa = PBXBuildFile; fileRef = F1020000000000000000001C /* AutoMountManager.swift */; };
		F1010000000000000000001D /* LaunchAtLoginManager.swift in Sources */ = {isa = PBXBuildFile; fileRef = F1020000000000000000001D /* LaunchAtLoginManager.swift */; };
		F10100000000000000000007 /* MountManager.swift in Sources */ = {isa = PBXBuildFile; fileRef = F10200000000000000000007 /* MountManager.swift */; };
		F10100000000000000000008 /* ProcessExecutor.swift in Sources */ = {isa = PBXBuildFile; fileRef = F10200000000000000000008 /* ProcessExecutor.swift */; };
		F1010000000000000000001F /* VolFerryAppConstants.swift in Sources */ = {isa = PBXBuildFile; fileRef = F1020000000000000000001F /* VolFerryAppConstants.swift */; };
		F1010000000000000000000A /* MainView.swift in Sources */ = {isa = PBXBuildFile; fileRef = F1020000000000000000000A /* MainView.swift */; };
		F1010000000000000000000B /* FormatSheetView.swift in Sources */ = {isa = PBXBuildFile; fileRef = F1020000000000000000000B /* FormatSheetView.swift */; };
		F1010000000000000000000C /* NTFSEnvironment.swift in Sources */ = {isa = PBXBuildFile; fileRef = F1020000000000000000000E /* NTFSEnvironment.swift */; };
		F1010000000000000000000D /* VolFerryTheme.swift in Sources */ = {isa = PBXBuildFile; fileRef = F1020000000000000000000F /* VolFerryTheme.swift */; };
		F1010000000000000000000E /* PointerHover.swift in Sources */ = {isa = PBXBuildFile; fileRef = F10200000000000000000010 /* PointerHover.swift */; };
		F1010000000000000000000F /* MenuBarPointingHand.swift in Sources */ = {isa = PBXBuildFile; fileRef = F10200000000000000000011 /* MenuBarPointingHand.swift */; };
		F10100000000000000000010 /* DiskFormatKind.swift in Sources */ = {isa = PBXBuildFile; fileRef = F10200000000000000000012 /* DiskFormatKind.swift */; };
		F10100000000000000000013 /* FormatPopUpPicker.swift in Sources */ = {isa = PBXBuildFile; fileRef = F10200000000000000000013 /* FormatPopUpPicker.swift */; };
		F10100000000000000000014 /* VolFerryToast.swift in Sources */ = {isa = PBXBuildFile; fileRef = F10200000000000000000014 /* VolFerryToast.swift */; };
		F10100000000000000000015 /* ByteCountFormatting.swift in Sources */ = {isa = PBXBuildFile; fileRef = F10200000000000000000015 /* ByteCountFormatting.swift */; };
		F1010000000000000000001A /* WindowAppearanceBridge.swift in Sources */ = {isa = PBXBuildFile; fileRef = F1020000000000000000001A /* WindowAppearanceBridge.swift */; };
		F10100000000000000000016 /* PartitionSheetView.swift in Sources */ = {isa = PBXBuildFile; fileRef = F10200000000000000000016 /* PartitionSheetView.swift */; };
		F10100000000000000000017 /* PartitionDiskOptions.swift in Sources */ = {isa = PBXBuildFile; fileRef = F10200000000000000000017 /* PartitionDiskOptions.swift */; };
		F10100000000000000000019 /* StatusBarPopoverView.swift in Sources */ = {isa = PBXBuildFile; fileRef = F10200000000000000000019 /* StatusBarPopoverView.swift */; };
		F1010000000000000000001E /* InfoPlist.strings in Resources */ = {isa = PBXBuildFile; fileRef = F1020000000000000000001E /* InfoPlist.strings */; };
		F10100000000000000000020 /* Assets.xcassets in Resources */ = {isa = PBXBuildFile; fileRef = F10200000000000000000020 /* Assets.xcassets */; };
/* End PBXBuildFile section */

/* Begin PBXFileReference section */
		F10200000000000000000001 /* VolFerryApp.swift */ = {isa = PBXFileReference; lastKnownFileType = sourcecode.swift; path = VolFerryApp.swift; sourceTree = "<group>"; };
		F10200000000000000000002 /* AppDelegate.swift */ = {isa = PBXFileReference; lastKnownFileType = sourcecode.swift; path = AppDelegate.swift; sourceTree = "<group>"; };
		F10200000000000000000018 /* AppBrand.swift */ = {isa = PBXFileReference; lastKnownFileType = sourcecode.swift; path = AppBrand.swift; sourceTree = "<group>"; };
		F10200000000000000000003 /* DiskInfo.swift */ = {isa = PBXFileReference; lastKnownFileType = sourcecode.swift; path = DiskInfo.swift; sourceTree = "<group>"; };
		F1020000000000000000001B /* DiskUtilityPresentation.swift */ = {isa = PBXFileReference; lastKnownFileType = sourcecode.swift; path = DiskUtilityPresentation.swift; sourceTree = "<group>"; };
		F10200000000000000000004 /* DriveInfo.swift */ = {isa = PBXFileReference; lastKnownFileType = sourcecode.swift; path = DriveInfo.swift; sourceTree = "<group>"; };
		F10200000000000000000005 /* AuthManager.swift */ = {isa = PBXFileReference; lastKnownFileType = sourcecode.swift; path = AuthManager.swift; sourceTree = "<group>"; };
		F10200000000000000000006 /* DriveDetector.swift */ = {isa = PBXFileReference; lastKnownFileType = sourcecode.swift; path = DriveDetector.swift; sourceTree = "<group>"; };
		F1020000000000000000001C /* AutoMountManager.swift */ = {isa = PBXFileReference; lastKnownFileType = sourcecode.swift; path = AutoMountManager.swift; sourceTree = "<group>"; };
		F1020000000000000000001D /* LaunchAtLoginManager.swift */ = {isa = PBXFileReference; lastKnownFileType = sourcecode.swift; path = LaunchAtLoginManager.swift; sourceTree = "<group>"; };
		F10200000000000000000007 /* MountManager.swift */ = {isa = PBXFileReference; lastKnownFileType = sourcecode.swift; path = MountManager.swift; sourceTree = "<group>"; };
		F10200000000000000000008 /* ProcessExecutor.swift */ = {isa = PBXFileReference; lastKnownFileType = sourcecode.swift; path = ProcessExecutor.swift; sourceTree = "<group>"; };
		F1020000000000000000001F /* VolFerryAppConstants.swift */ = {isa = PBXFileReference; lastKnownFileType = sourcecode.swift; path = VolFerryAppConstants.swift; sourceTree = "<group>"; };
		F1020000000000000000000A /* MainView.swift */ = {isa = PBXFileReference; lastKnownFileType = sourcecode.swift; path = MainView.swift; sourceTree = "<group>"; };
		F1020000000000000000000B /* FormatSheetView.swift */ = {isa = PBXFileReference; lastKnownFileType = sourcecode.swift; path = FormatSheetView.swift; sourceTree = "<group>"; };
		F1020000000000000000000E /* NTFSEnvironment.swift */ = {isa = PBXFileReference; lastKnownFileType = sourcecode.swift; path = NTFSEnvironment.swift; sourceTree = "<group>"; };
		F1020000000000000000000F /* VolFerryTheme.swift */ = {isa = PBXFileReference; lastKnownFileType = sourcecode.swift; path = VolFerryTheme.swift; sourceTree = "<group>"; };
		F10200000000000000000010 /* PointerHover.swift */ = {isa = PBXFileReference; lastKnownFileType = sourcecode.swift; path = PointerHover.swift; sourceTree = "<group>"; };
		F10200000000000000000011 /* MenuBarPointingHand.swift */ = {isa = PBXFileReference; lastKnownFileType = sourcecode.swift; path = MenuBarPointingHand.swift; sourceTree = "<group>"; };
		F10200000000000000000012 /* DiskFormatKind.swift */ = {isa = PBXFileReference; lastKnownFileType = sourcecode.swift; path = DiskFormatKind.swift; sourceTree = "<group>"; };
		F10200000000000000000013 /* FormatPopUpPicker.swift */ = {isa = PBXFileReference; lastKnownFileType = sourcecode.swift; path = FormatPopUpPicker.swift; sourceTree = "<group>"; };
		F10200000000000000000014 /* VolFerryToast.swift */ = {isa = PBXFileReference; lastKnownFileType = sourcecode.swift; path = VolFerryToast.swift; sourceTree = "<group>"; };
		F10200000000000000000015 /* ByteCountFormatting.swift */ = {isa = PBXFileReference; lastKnownFileType = sourcecode.swift; path = ByteCountFormatting.swift; sourceTree = "<group>"; };
		F1020000000000000000001A /* WindowAppearanceBridge.swift */ = {isa = PBXFileReference; lastKnownFileType = sourcecode.swift; path = WindowAppearanceBridge.swift; sourceTree = "<group>"; };
		F10200000000000000000016 /* PartitionSheetView.swift */ = {isa = PBXFileReference; lastKnownFileType = sourcecode.swift; path = PartitionSheetView.swift; sourceTree = "<group>"; };
		F10200000000000000000017 /* PartitionDiskOptions.swift */ = {isa = PBXFileReference; lastKnownFileType = sourcecode.swift; path = PartitionDiskOptions.swift; sourceTree = "<group>"; };
		F10200000000000000000019 /* StatusBarPopoverView.swift */ = {isa = PBXFileReference; lastKnownFileType = sourcecode.swift; path = StatusBarPopoverView.swift; sourceTree = "<group>"; };
		F1020000000000000000000C /* Info.plist */ = {isa = PBXFileReference; lastKnownFileType = text.plist.xml; path = Info.plist; sourceTree = "<group>"; };
		F1020000000000000000001E /* InfoPlist.strings */ = {isa = PBXFileReference; lastKnownFileType = text.plist.strings; name = InfoPlist.strings; path = en.lproj/InfoPlist.strings; sourceTree = "<group>"; };
		F10200000000000000000020 /* Assets.xcassets */ = {isa = PBXFileReference; lastKnownFileType = folder.assetcatalog; path = Resources/Assets.xcassets; sourceTree = "<group>"; };
		F1020000000000000000000D /* VolFerry.entitlements */ = {isa = PBXFileReference; lastKnownFileType = text.plist.entitlements; path = VolFerry.entitlements; sourceTree = "<group>"; };
		F102000000000000000000FF /* VolFerry.app */ = {isa = PBXFileReference; explicitFileType = wrapper.application; includeInIndex = 0; path = VolFerry.app; sourceTree = BUILT_PRODUCTS_DIR; };
/* End PBXFileReference section */

/* Begin PBXFrameworksBuildPhase section */
		F10300000000000000000001 /* Frameworks */ = {
			isa = PBXFrameworksBuildPhase;
			buildActionMask = 2147483647;
			files = (
			);
			runOnlyForDeploymentPostprocessing = 0;
		};
/* End PBXFrameworksBuildPhase section */

/* Begin PBXResourcesBuildPhase section */
		F10600000000000000000002 /* Resources */ = {
			isa = PBXResourcesBuildPhase;
			buildActionMask = 2147483647;
			files = (
				F1010000000000000000001E /* InfoPlist.strings in Resources */,
				F10100000000000000000020 /* Assets.xcassets in Resources */,
			);
			runOnlyForDeploymentPostprocessing = 0;
		};
/* End PBXResourcesBuildPhase section */


/* Begin PBXGroup section */
		F10400000000000000000001 = {
			isa = PBXGroup;
			children = (
				F10400000000000000000002 /* VolFerry */,
				F10400000000000000000003 /* Products */,
			);
			sourceTree = "<group>";
		};
		F10400000000000000000002 /* VolFerry */ = {
			isa = PBXGroup;
			children = (
				F10400000000000000000004 /* App */,
				F10400000000000000000005 /* Models */,
				F10400000000000000000006 /* Services */,
				F10400000000000000000007 /* Views */,
				F10400000000000000000009 /* Theme */,
				F10400000000000000000008 /* Extensions */,
				F10200000000000000000020 /* Assets.xcassets */,
				F1020000000000000000000C /* Info.plist */,
				F1020000000000000000001E /* InfoPlist.strings */,
				F1020000000000000000000D /* VolFerry.entitlements */,
			);
			path = VolFerry;
			sourceTree = "<group>";
		};
		F10400000000000000000003 /* Products */ = {
			isa = PBXGroup;
			children = (
				F102000000000000000000FF /* VolFerry.app */,
			);
			name = Products;
			sourceTree = "<group>";
		};
		F10400000000000000000004 /* App */ = {
			isa = PBXGroup;
			children = (
				F10200000000000000000001 /* VolFerryApp.swift */,
				F10200000000000000000002 /* AppDelegate.swift */,
				F1020000000000000000001F /* VolFerryAppConstants.swift */,
				F10200000000000000000018 /* AppBrand.swift */,
				F10200000000000000000011 /* MenuBarPointingHand.swift */,
			);
			path = App;
			sourceTree = "<group>";
		};
		F10400000000000000000005 /* Models */ = {
			isa = PBXGroup;
			children = (
				F10200000000000000000003 /* DiskInfo.swift */,
				F1020000000000000000001B /* DiskUtilityPresentation.swift */,
				F10200000000000000000004 /* DriveInfo.swift */,
				F10200000000000000000012 /* DiskFormatKind.swift */,
				F10200000000000000000017 /* PartitionDiskOptions.swift */,
			);
			path = Models;
			sourceTree = "<group>";
		};
		F10400000000000000000006 /* Services */ = {
			isa = PBXGroup;
			children = (
				F10200000000000000000005 /* AuthManager.swift */,
				F10200000000000000000006 /* DriveDetector.swift */,
				F1020000000000000000001C /* AutoMountManager.swift */,
				F1020000000000000000001D /* LaunchAtLoginManager.swift */,
				F10200000000000000000007 /* MountManager.swift */,
				F10200000000000000000008 /* ProcessExecutor.swift */,
				F1020000000000000000000E /* NTFSEnvironment.swift */,
			);
			path = Services;
			sourceTree = "<group>";
		};
		F10400000000000000000007 /* Views */ = {
			isa = PBXGroup;
			children = (
				F1020000000000000000000A /* MainView.swift */,
				F10200000000000000000019 /* StatusBarPopoverView.swift */,
				F1020000000000000000000B /* FormatSheetView.swift */,
				F10200000000000000000013 /* FormatPopUpPicker.swift */,
				F10200000000000000000014 /* VolFerryToast.swift */,
				F10200000000000000000016 /* PartitionSheetView.swift */,
			);
			path = Views;
			sourceTree = "<group>";
		};
		F10400000000000000000008 /* Extensions */ = {
			isa = PBXGroup;
			children = (
				F10200000000000000000010 /* PointerHover.swift */,
				F10200000000000000000015 /* ByteCountFormatting.swift */,
				F1020000000000000000001A /* WindowAppearanceBridge.swift */,
			);
			path = Extensions;
			sourceTree = "<group>";
		};
		F10400000000000000000009 /* Theme */ = {
			isa = PBXGroup;
			children = (
				F1020000000000000000000F /* VolFerryTheme.swift */,
			);
			path = Theme;
			sourceTree = "<group>";
		};
/* End PBXGroup section */

/* Begin PBXNativeTarget section */
		F10500000000000000000001 /* VolFerry */ = {
			isa = PBXNativeTarget;
			buildConfigurationList = F10700000000000000000002 /* Build configuration list for PBXNativeTarget "VolFerry" */;
			buildPhases = (
				F10600000000000000000001 /* Sources */,
				F10600000000000000000002 /* Resources */,
				F10300000000000000000001 /* Frameworks */,
			);
			buildRules = (
			);
			dependencies = (
			);
			name = VolFerry;
			productName = VolFerry;
			productReference = F102000000000000000000FF /* VolFerry.app */;
			productType = "com.apple.product-type.application";
		};
/* End PBXNativeTarget section */

/* Begin PBXProject section */
		F10800000000000000000001 /* Project object */ = {
			isa = PBXProject;
			attributes = {
				BuildIndependentTargetsInParallel = 1;
				LastSwiftUpdateCheck = 1500;
				LastUpgradeCheck = 1500;
				TargetAttributes = {
					F10500000000000000000001 = {
						CreatedOnToolsVersion = 15.0;
					};
				};
			};
			buildConfigurationList = F10700000000000000000001 /* Build configuration list for PBXProject "VolFerry" */;
			compatibilityVersion = "Xcode 14.0";
			developmentRegion = "zh-Hans";
			hasScannedForEncodings = 0;
			knownRegions = (
				en,
				Base,
				"zh-Hans",
			);
			mainGroup = F10400000000000000000001;
			productRefGroup = F10400000000000000000003 /* Products */;
			projectDirPath = "";
			projectRoot = "";
			targets = (
				F10500000000000000000001 /* VolFerry */,
			);
		};
/* End PBXProject section */

/* Begin PBXSourcesBuildPhase section */
		F10600000000000000000001 /* Sources */ = {
			isa = PBXSourcesBuildPhase;
			buildActionMask = 2147483647;
			files = (
				F10100000000000000000001 /* VolFerryApp.swift in Sources */,
				F10100000000000000000002 /* AppDelegate.swift in Sources */,
				F10100000000000000000018 /* AppBrand.swift in Sources */,
				F10100000000000000000003 /* DiskInfo.swift in Sources */,
				F1010000000000000000001B /* DiskUtilityPresentation.swift in Sources */,
				F10100000000000000000004 /* DriveInfo.swift in Sources */,
				F10100000000000000000005 /* AuthManager.swift in Sources */,
				F10100000000000000000006 /* DriveDetector.swift in Sources */,
				F1010000000000000000001C /* AutoMountManager.swift in Sources */,
				F1010000000000000000001D /* LaunchAtLoginManager.swift in Sources */,
				F10100000000000000000007 /* MountManager.swift in Sources */,
				F10100000000000000000008 /* ProcessExecutor.swift in Sources */,
				F1010000000000000000001F /* VolFerryAppConstants.swift in Sources */,
				F1010000000000000000000A /* MainView.swift in Sources */,
				F10100000000000000000019 /* StatusBarPopoverView.swift in Sources */,
				F1010000000000000000000B /* FormatSheetView.swift in Sources */,
				F1010000000000000000000C /* NTFSEnvironment.swift in Sources */,
				F1010000000000000000000D /* VolFerryTheme.swift in Sources */,
				F1010000000000000000000E /* PointerHover.swift in Sources */,
				F1010000000000000000000F /* MenuBarPointingHand.swift in Sources */,
				F10100000000000000000010 /* DiskFormatKind.swift in Sources */,
				F10100000000000000000013 /* FormatPopUpPicker.swift in Sources */,
				F10100000000000000000014 /* VolFerryToast.swift in Sources */,
				F10100000000000000000015 /* ByteCountFormatting.swift in Sources */,
				F1010000000000000000001A /* WindowAppearanceBridge.swift in Sources */,
				F10100000000000000000016 /* PartitionSheetView.swift in Sources */,
				F10100000000000000000017 /* PartitionDiskOptions.swift in Sources */,
			);
			runOnlyForDeploymentPostprocessing = 0;
		};
/* End PBXSourcesBuildPhase section */

/* Begin XCBuildConfiguration section */
		F10900000000000000000001 /* Debug */ = {
			isa = XCBuildConfiguration;
			buildSettings = {
				ALWAYS_SEARCH_USER_PATHS = NO;
				ASSETCATALOG_COMPILER_GENERATE_SWIFT_ASSET_SYMBOL_EXTENSIONS = YES;
				CLANG_ANALYZER_NONNULL = YES;
				CLANG_ANALYZER_NUMBER_OBJECT_CONVERSION = YES_AGGRESSIVE;
				CLANG_CXX_LANGUAGE_STANDARD = "gnu++20";
				CLANG_ENABLE_MODULES = YES;
				CLANG_ENABLE_OBJC_ARC = YES;
				CLANG_ENABLE_OBJC_WEAK = YES;
				CLANG_WARN_BLOCK_CAPTURE_AUTORELEASING = YES;
				CLANG_WARN_BOOL_CONVERSION = YES;
				CLANG_WARN_COMMA = YES;
				CLANG_WARN_CONSTANT_CONVERSION = YES;
				CLANG_WARN_DEPRECATED_OBJC_IMPLEMENTATIONS = YES;
				CLANG_WARN_DIRECT_OBJC_ISA_USAGE = YES_ERROR;
				CLANG_WARN_DOCUMENTATION_COMMENTS = YES;
				CLANG_WARN_EMPTY_BODY = YES;
				CLANG_WARN_ENUM_CONVERSION = YES;
				CLANG_WARN_INFINITE_RECURSION = YES;
				CLANG_WARN_INT_CONVERSION = YES;
				CLANG_WARN_NON_LITERAL_NULL_CONVERSION = YES;
				CLANG_WARN_OBJC_IMPLICIT_RETAIN_SELF = YES;
				CLANG_WARN_OBJC_LITERAL_CONVERSION = YES;
				CLANG_WARN_OBJC_ROOT_CLASS = YES_ERROR;
				CLANG_WARN_QUOTED_INCLUDE_IN_FRAMEWORK_HEADER = YES;
				CLANG_WARN_RANGE_LOOP_ANALYSIS = YES;
				CLANG_WARN_STRICT_PROTOTYPES = YES;
				CLANG_WARN_SUSPICIOUS_MOVE = YES;
				CLANG_WARN_UNGUARDED_AVAILABILITY = YES_AGGRESSIVE;
				CLANG_WARN_UNREACHABLE_CODE = YES;
				CLANG_WARN__DUPLICATE_METHOD_MATCH = YES;
				COPY_PHASE_STRIP = NO;
				DEBUG_INFORMATION_FORMAT = dwarf;
				ENABLE_STRICT_OBJC_MSGSEND = YES;
				ENABLE_TESTABILITY = YES;
				ENABLE_USER_SCRIPT_SANDBOXING = YES;
				GCC_C_LANGUAGE_STANDARD = gnu17;
				GCC_DYNAMIC_NO_PIC = NO;
				GCC_NO_COMMON_BLOCKS = YES;
				GCC_OPTIMIZATION_LEVEL = 0;
				GCC_PREPROCESSOR_DEFINITIONS = (
					"DEBUG=1",
					"$(inherited)",
				);
				GCC_WARN_64_TO_32_BIT_CONVERSION = YES;
				GCC_WARN_ABOUT_RETURN_TYPE = YES_ERROR;
				GCC_WARN_UNDECLARED_SELECTOR = YES;
				GCC_WARN_UNINITIALIZED_AUTOS = YES_AGGRESSIVE;
				GCC_WARN_UNUSED_FUNCTION = YES;
				GCC_WARN_UNUSED_VARIABLE = YES;
				LOCALIZATION_PREFERS_STRING_CATALOGS = YES;
				MACOSX_DEPLOYMENT_TARGET = 14.0;
				MTL_ENABLE_DEBUG_INFO = INCLUDE_SOURCE;
				MTL_FAST_MATH = YES;
				ONLY_ACTIVE_ARCH = YES;
				SDKROOT = macosx;
				SWIFT_ACTIVE_COMPILATION_CONDITIONS = "DEBUG $(inherited)";
				SWIFT_OPTIMIZATION_LEVEL = "-Onone";
			};
			name = Debug;
		};
		F10900000000000000000002 /* Release */ = {
			isa = XCBuildConfiguration;
			buildSettings = {
				ALWAYS_SEARCH_USER_PATHS = NO;
				ASSETCATALOG_COMPILER_GENERATE_SWIFT_ASSET_SYMBOL_EXTENSIONS = YES;
				CLANG_ANALYZER_NONNULL = YES;
				CLANG_ANALYZER_NUMBER_OBJECT_CONVERSION = YES_AGGRESSIVE;
				CLANG_CXX_LANGUAGE_STANDARD = "gnu++20";
				CLANG_ENABLE_MODULES = YES;
				CLANG_ENABLE_OBJC_ARC = YES;
				CLANG_ENABLE_OBJC_WEAK = YES;
				CLANG_WARN_BLOCK_CAPTURE_AUTORELEASING = YES;
				CLANG_WARN_BOOL_CONVERSION = YES;
				CLANG_WARN_COMMA = YES;
				CLANG_WARN_CONSTANT_CONVERSION = YES;
				CLANG_WARN_DEPRECATED_OBJC_IMPLEMENTATIONS = YES;
				CLANG_WARN_DIRECT_OBJC_ISA_USAGE = YES_ERROR;
				CLANG_WARN_DOCUMENTATION_COMMENTS = YES;
				CLANG_WARN_EMPTY_BODY = YES;
				CLANG_WARN_ENUM_CONVERSION = YES;
				CLANG_WARN_INFINITE_RECURSION = YES;
				CLANG_WARN_INT_CONVERSION = YES;
				CLANG_WARN_NON_LITERAL_NULL_CONVERSION = YES;
				CLANG_WARN_OBJC_IMPLICIT_RETAIN_SELF = YES;
				CLANG_WARN_OBJC_LITERAL_CONVERSION = YES;
				CLANG_WARN_OBJC_ROOT_CLASS = YES_ERROR;
				CLANG_WARN_QUOTED_INCLUDE_IN_FRAMEWORK_HEADER = YES;
				CLANG_WARN_RANGE_LOOP_ANALYSIS = YES;
				CLANG_WARN_STRICT_PROTOTYPES = YES;
				CLANG_WARN_SUSPICIOUS_MOVE = YES;
				CLANG_WARN_UNGUARDED_AVAILABILITY = YES_AGGRESSIVE;
				CLANG_WARN_UNREACHABLE_CODE = YES;
				CLANG_WARN__DUPLICATE_METHOD_MATCH = YES;
				COPY_PHASE_STRIP = NO;
				DEBUG_INFORMATION_FORMAT = "dwarf-with-dsym";
				ENABLE_NS_ASSERTIONS = NO;
				ENABLE_STRICT_OBJC_MSGSEND = YES;
				ENABLE_USER_SCRIPT_SANDBOXING = YES;
				GCC_C_LANGUAGE_STANDARD = gnu17;
				GCC_NO_COMMON_BLOCKS = YES;
				GCC_WARN_64_TO_32_BIT_CONVERSION = YES;
				GCC_WARN_ABOUT_RETURN_TYPE = YES_ERROR;
				GCC_WARN_UNDECLARED_SELECTOR = YES;
				GCC_WARN_UNINITIALIZED_AUTOS = YES_AGGRESSIVE;
				GCC_WARN_UNUSED_FUNCTION = YES;
				GCC_WARN_UNUSED_VARIABLE = YES;
				LOCALIZATION_PREFERS_STRING_CATALOGS = YES;
				MACOSX_DEPLOYMENT_TARGET = 14.0;
				MTL_ENABLE_DEBUG_INFO = NO;
				MTL_FAST_MATH = YES;
				SDKROOT = macosx;
				SWIFT_COMPILATION_MODE = wholemodule;
			};
			name = Release;
		};
		F10900000000000000000003 /* Debug */ = {
			isa = XCBuildConfiguration;
			buildSettings = {
				ASSETCATALOG_COMPILER_APPICON_NAME = AppIcon;
				CODE_SIGN_ENTITLEMENTS = VolFerry/VolFerry.entitlements;
				CODE_SIGN_IDENTITY = "-";
				COMBINE_HIDPI_IMAGES = YES;
				CURRENT_PROJECT_VERSION = 1;
				ENABLE_USER_SCRIPT_SANDBOXING = NO;
				ENABLE_PREVIEWS = YES;
				GENERATE_INFOPLIST_FILE = NO;
				INFOPLIST_FILE = VolFerry/Info.plist;
				INFOPLIST_KEY_NSHumanReadableCopyright = "";
				LD_RUNPATH_SEARCH_PATHS = (
					"$(inherited)",
					"@executable_path/../Frameworks",
				);
				MARKETING_VERSION = 0.0.1;
				PRODUCT_BUNDLE_IDENTIFIER = com.volferry.ntfs;
				PRODUCT_NAME = "$(TARGET_NAME)";
				SWIFT_EMIT_LOC_STRINGS = YES;
				SWIFT_VERSION = 5.0;
			};
			name = Debug;
		};
		F10900000000000000000004 /* Release */ = {
			isa = XCBuildConfiguration;
			buildSettings = {
				ASSETCATALOG_COMPILER_APPICON_NAME = AppIcon;
				CODE_SIGN_ENTITLEMENTS = VolFerry/VolFerry.entitlements;
				CODE_SIGN_IDENTITY = "-";
				COMBINE_HIDPI_IMAGES = YES;
				CURRENT_PROJECT_VERSION = 1;
				ENABLE_USER_SCRIPT_SANDBOXING = NO;
				ENABLE_PREVIEWS = YES;
				GENERATE_INFOPLIST_FILE = NO;
				INFOPLIST_FILE = VolFerry/Info.plist;
				INFOPLIST_KEY_NSHumanReadableCopyright = "";
				LD_RUNPATH_SEARCH_PATHS = (
					"$(inherited)",
					"@executable_path/../Frameworks",
				);
				MARKETING_VERSION = 0.0.1;
				PRODUCT_BUNDLE_IDENTIFIER = com.volferry.ntfs;
				PRODUCT_NAME = "$(TARGET_NAME)";
				SWIFT_EMIT_LOC_STRINGS = YES;
				SWIFT_VERSION = 5.0;
			};
			name = Release;
		};
/* End XCBuildConfiguration section */

/* Begin XCConfigurationList section */
		F10700000000000000000001 /* Build configuration list for PBXProject "VolFerry" */ = {
			isa = XCConfigurationList;
			buildConfigurations = (
				F10900000000000000000001 /* Debug */,
				F10900000000000000000002 /* Release */,
			);
			defaultConfigurationIsVisible = 0;
			defaultConfigurationName = Release;
		};
		F10700000000000000000002 /* Build configuration list for PBXNativeTarget "VolFerry" */ = {
			isa = XCConfigurationList;
			buildConfigurations = (
				F10900000000000000000003 /* Debug */,
				F10900000000000000000004 /* Release */,
			);
			defaultConfigurationIsVisible = 0;
			defaultConfigurationName = Release;
		};
/* End XCConfigurationList section */
	};
	rootObject = F10800000000000000000001 /* Project object */;
}
